
Microsoft Visual Studio Solution File, Format Version 12.00
# Visual Studio Version 17
VisualStudioVersion = 17.3.32929.385
MinimumVisualStudioVersion = 10.0.40219.1
Project("{8BC9CEB8-8B4A-11D0-8D11-00A0C91BC942}") = "VZEngine", "VZEngine\VZEngine.vcxproj", "{EB5B568F-57A8-4E6D-AEA3-2B8FFB2A73C0}"
EndProject
Global
	GlobalSection(SolutionConfigurationPlatforms) = preSolution
		Debug|x64 = Debug|x64
		Debug|x86 = Debug|x86
		Release|x64 = Release|x64
		Release|x86 = Release|x86
	EndGlobalSection
	GlobalSection(ProjectConfigurationPlatforms) = postSolution
		{EB5B568F-57A8-4E6D-AEA3-2B8FFB2A73C0}.Debug|x64.ActiveCfg = Debug|x64
		{EB5B568F-57A8-4E6D-AEA3-2B8FFB2A73C0}.Debug|x64.Build.0 = Debug|x64
		{EB5B568F-57A8-4E6D-AEA3-2B8FFB2A73C0}.Debug|x86.ActiveCfg = Debug|Win32
		{EB5B568F-57A8-4E6D-AEA3-2B8FFB2A73C0}.Debug|x86.Build.0 = Debug|Win32
		{EB5B568F-57A8-4E6D-AEA3-2B8FFB2A73C0}.Release|x64.ActiveCfg = Release|x64
		{EB5B568F-57A8-4E6D-AEA3-2B8FFB2A73C0}.Release|x64.Build.0 = Release|x64
		{EB5B568F-57A8-4E6D-AEA3-2B8FFB2A73C0}.Release|x86.ActiveCfg = Release|Win32
		{EB5B568F-57A8-4E6D-AEA3-2B8FFB2A73C0}.Release|x86.Build.0 = Release|Win32
	EndGlobalSection
	GlobalSection(SolutionProperties) = preSolution
		HideSolutionNode = FALSE
	EndGlobalSection
	GlobalSection(ExtensibilityGlobals) = postSolution
		SolutionGuid = {E37A008C-A103-4CA3-AB93-8640B7B0107E}
	EndGlobalSection
EndGlobal
